
Microsoft Visual Studio Solution File, Format Version 12.00
# Visual Studio Version 17
VisualStudioVersion = 17.7.34031.279
MinimumVisualStudioVersion = 10.0.40219.1
Project("{FAE04EC0-301F-11D3-BF4B-00C04F79EFBC}") = "AuditTemp.Host", "AuditTemp.Host.csproj", "{FD7421A1-AA2E-45D0-A6A3-8355D6D66533}"
EndProject
Project("{FAE04EC0-301F-11D3-BF4B-00C04F79EFBC}") = "Audit.Realization", "..\Audit.Realization\Audit.Realization.csproj", "{E1DB876A-CBA9-45B0-9864-43C65FB7DBC8}"
EndProject
Global
	GlobalSection(SolutionConfigurationPlatforms) = preSolution
		Debug|Any CPU = Debug|Any CPU
		Release|Any CPU = Release|Any CPU
	EndGlobalSection
	GlobalSection(ProjectConfigurationPlatforms) = postSolution
		{FD7421A1-AA2E-45D0-A6A3-8355D6D66533}.Debug|Any CPU.ActiveCfg = Debug|Any CPU
		{FD7421A1-AA2E-45D0-A6A3-8355D6D66533}.Debug|Any CPU.Build.0 = Debug|Any CPU
		{FD7421A1-AA2E-45D0-A6A3-8355D6D66533}.Release|Any CPU.ActiveCfg = Release|Any CPU
		{FD7421A1-AA2E-45D0-A6A3-8355D6D66533}.Release|Any CPU.Build.0 = Release|Any CPU
		{E1DB876A-CBA9-45B0-9864-43C65FB7DBC8}.Debug|Any CPU.ActiveCfg = Debug|Any CPU
		{E1DB876A-CBA9-45B0-9864-43C65FB7DBC8}.Debug|Any CPU.Build.0 = Debug|Any CPU
		{E1DB876A-CBA9-45B0-9864-43C65FB7DBC8}.Release|Any CPU.ActiveCfg = Release|Any CPU
		{E1DB876A-CBA9-45B0-9864-43C65FB7DBC8}.Release|Any CPU.Build.0 = Release|Any CPU
	EndGlobalSection
	GlobalSection(SolutionProperties) = preSolution
		HideSolutionNode = FALSE
	EndGlobalSection
	GlobalSection(ExtensibilityGlobals) = postSolution
		SolutionGuid = {10C7C153-FD87-42EC-BE8C-B0D0F28A7848}
	EndGlobalSection
EndGlobal
